// !$*UTF8*$!
{
	archiveVersion = 1;
	classes = {
	};
	objectVersion = 46;
	objects = {

/* Begin PBXBuildFile section */
		1D6998A6143146FDAA10CCEB /* libPods.a in Frameworks */ = {isa = PBXBuildFile; fileRef = 7A8141FB159B4A7F869D5911 /* libPods.a */; };
		C2BCFDB4180C647500848CC2 /* Foundation.framework in Frameworks */ = {isa = PBXBuildFile; fileRef = C2BCFDB3180C647500848CC2 /* Foundation.framework */; };
		C2BCFDB6180C647500848CC2 /* CoreGraphics.framework in Frameworks */ = {isa = PBXBuildFile; fileRef = C2BCFDB5180C647500848CC2 /* CoreGraphics.framework */; };
		C2BCFDB8180C647500848CC2 /* UIKit.framework in Frameworks */ = {isa = PBXBuildFile; fileRef = C2BCFDB7180C647500848CC2 /* UIKit.framework */; };
		C2BCFDBE180C647500848CC2 /* InfoPlist.strings in Resources */ = {isa = PBXBuildFile; fileRef = C2BCFDBC180C647500848CC2 /* InfoPlist.strings */; };
		C2BCFDC0180C647500848CC2 /* main.m in Sources */ = {isa = PBXBuildFile; fileRef = C2BCFDBF180C647500848CC2 /* main.m */; };
		C2BCFDC4180C647500848CC2 /* MMITAppDelegate.m in Sources */ = {isa = PBXBuildFile; fileRef = C2BCFDC3180C647500848CC2 /* MMITAppDelegate.m */; };
		C2BCFDC7180C647500848CC2 /* Main.storyboard in Resources */ = {isa = PBXBuildFile; fileRef = C2BCFDC5180C647500848CC2 /* Main.storyboard */; };
		C2BCFDCA180C647500848CC2 /* MMITViewController.m in Sources */ = {isa = PBXBuildFile; fileRef = C2BCFDC9180C647500848CC2 /* MMITViewController.m */; };
		C2BCFDCC180C647500848CC2 /* Images.xcassets in Resources */ = {isa = PBXBuildFile; fileRef = C2BCFDCB180C647500848CC2 /* Images.xcassets */; };
		C2BCFDD3180C647600848CC2 /* XCTest.framework in Frameworks */ = {isa = PBXBuildFile; fileRef = C2BCFDD2180C647600848CC2 /* XCTest.framework */; };
		C2BCFDD4180C647600848CC2 /* Foundation.framework in Frameworks */ = {isa = PBXBuildFile; fileRef = C2BCFDB3180C647500848CC2 /* Foundation.framework */; };
		C2BCFDD5180C647600848CC2 /* UIKit.framework in Frameworks */ = {isa = PBXBuildFile; fileRef = C2BCFDB7180C647500848CC2 /* UIKit.framework */; };
		C2BCFDDD180C647600848CC2 /* InfoPlist.strings in Resources */ = {isa = PBXBuildFile; fileRef = C2BCFDDB180C647600848CC2 /* InfoPlist.strings */; };
		C2BCFDDF180C647600848CC2 /* ios_tutorialTests.m in Sources */ = {isa = PBXBuildFile; fileRef = C2BCFDDE180C647600848CC2 /* ios_tutorialTests.m */; };
		CEAF34ADEA2CADE7436F69A8 /* MMITEmployeesViewController.m in Sources */ = {isa = PBXBuildFile; fileRef = CEAF38017A7B0FC56D0AAE5F /* MMITEmployeesViewController.m */; };
		CEAF372BCA4327780F20A7F6 /* MMITEmployeesViewController.xib in Resources */ = {isa = PBXBuildFile; fileRef = CEAF3D276161F53DA3E459E2 /* MMITEmployeesViewController.xib */; };
		CEAF39520E8E31928A1D6E34 /* empty.png in Resources */ = {isa = PBXBuildFile; fileRef = CEAF3893FAA8BA46D2CE2E9B /* empty.png */; };
		CEAF3FDD37E2A951E603DBA7 /* MMITTableViewCellEmployee.m in Sources */ = {isa = PBXBuildFile; fileRef = CEAF3027E249F2E102FA9DE7 /* MMITTableViewCellEmployee.m */; };
/* End PBXBuildFile section */

/* Begin PBXContainerItemProxy section */
		C2BCFDD6180C647600848CC2 /* PBXContainerItemProxy */ = {
			isa = PBXContainerItemProxy;
			containerPortal = C2BCFDA8180C647500848CC2 /* Project object */;
			proxyType = 1;
			remoteGlobalIDString = C2BCFDAF180C647500848CC2;
			remoteInfo = "ios-tutorial";
		};
/* End PBXContainerItemProxy section */

/* Begin PBXFileReference section */
		5B8F12A4C4CC4B55AE4BC45D /* Pods.xcconfig */ = {isa = PBXFileReference; includeInIndex = 1; lastKnownFileType = text.xcconfig; name = Pods.xcconfig; path = Pods/Pods.xcconfig; sourceTree = SOURCE_ROOT; };
		7A8141FB159B4A7F869D5911 /* libPods.a */ = {isa = PBXFileReference; explicitFileType = archive.ar; includeInIndex = 0; path = libPods.a; sourceTree = BUILT_PRODUCTS_DIR; };
		C2BCFDB0180C647500848CC2 /* ios-tutorial.app */ = {isa = PBXFileReference; explicitFileType = wrapper.application; includeInIndex = 0; path = "ios-tutorial.app"; sourceTree = BUILT_PRODUCTS_DIR; };
		C2BCFDB3180C647500848CC2 /* Foundation.framework */ = {isa = PBXFileReference; lastKnownFileType = wrapper.framework; name = Foundation.framework; path = System/Library/Frameworks/Foundation.framework; sourceTree = SDKROOT; };
		C2BCFDB5180C647500848CC2 /* CoreGraphics.framework */ = {isa = PBXFileReference; lastKnownFileType = wrapper.framework; name = CoreGraphics.framework; path = System/Library/Frameworks/CoreGraphics.framework; sourceTree = SDKROOT; };
		C2BCFDB7180C647500848CC2 /* UIKit.framework */ = {isa = PBXFileReference; lastKnownFileType = wrapper.framework; name = UIKit.framework; path = System/Library/Frameworks/UIKit.framework; sourceTree = SDKROOT; };
		C2BCFDBB180C647500848CC2 /* ios-tutorial-Info.plist */ = {isa = PBXFileReference; lastKnownFileType = text.plist.xml; path = "ios-tutorial-Info.plist"; sourceTree = "<group>"; };
		C2BCFDBD180C647500848CC2 /* en */ = {isa = PBXFileReference; lastKnownFileType = text.plist.strings; name = en; path = en.lproj/InfoPlist.strings; sourceTree = "<group>"; };
		C2BCFDBF180C647500848CC2 /* main.m */ = {isa = PBXFileReference; lastKnownFileType = sourcecode.c.objc; path = main.m; sourceTree = "<group>"; };
		C2BCFDC1180C647500848CC2 /* ios-tutorial-Prefix.pch */ = {isa = PBXFileReference; lastKnownFileType = sourcecode.c.h; path = "ios-tutorial-Prefix.pch"; sourceTree = "<group>"; };
		C2BCFDC2180C647500848CC2 /* MMITAppDelegate.h */ = {isa = PBXFileReference; lastKnownFileType = sourcecode.c.h; path = MMITAppDelegate.h; sourceTree = "<group>"; };
		C2BCFDC3180C647500848CC2 /* MMITAppDelegate.m */ = {isa = PBXFileReference; lastKnownFileType = sourcecode.c.objc; path = MMITAppDelegate.m; sourceTree = "<group>"; };
		C2BCFDC6180C647500848CC2 /* Base */ = {isa = PBXFileReference; lastKnownFileType = file.storyboard; name = Base; path = Base.lproj/Main.storyboard; sourceTree = "<group>"; };
		C2BCFDC8180C647500848CC2 /* MMITViewController.h */ = {isa = PBXFileReference; lastKnownFileType = sourcecode.c.h; path = MMITViewController.h; sourceTree = "<group>"; };
		C2BCFDC9180C647500848CC2 /* MMITViewController.m */ = {isa = PBXFileReference; lastKnownFileType = sourcecode.c.objc; path = MMITViewController.m; sourceTree = "<group>"; };
		C2BCFDCB180C647500848CC2 /* Images.xcassets */ = {isa = PBXFileReference; lastKnownFileType = folder.assetcatalog; path = Images.xcassets; sourceTree = "<group>"; };
		C2BCFDD1180C647600848CC2 /* ios-tutorialTests.xctest */ = {isa = PBXFileReference; explicitFileType = wrapper.cfbundle; includeInIndex = 0; path = "ios-tutorialTests.xctest"; sourceTree = BUILT_PRODUCTS_DIR; };
		C2BCFDD2180C647600848CC2 /* XCTest.framework */ = {isa = PBXFileReference; lastKnownFileType = wrapper.framework; name = XCTest.framework; path = Library/Frameworks/XCTest.framework; sourceTree = DEVELOPER_DIR; };
		C2BCFDDA180C647600848CC2 /* ios-tutorialTests-Info.plist */ = {isa = PBXFileReference; lastKnownFileType = text.plist.xml; path = "ios-tutorialTests-Info.plist"; sourceTree = "<group>"; };
		C2BCFDDC180C647600848CC2 /* en */ = {isa = PBXFileReference; lastKnownFileType = text.plist.strings; name = en; path = en.lproj/InfoPlist.strings; sourceTree = "<group>"; };
		C2BCFDDE180C647600848CC2 /* ios_tutorialTests.m */ = {isa = PBXFileReference; lastKnownFileType = sourcecode.c.objc; path = ios_tutorialTests.m; sourceTree = "<group>"; };
		CEAF3027E249F2E102FA9DE7 /* MMITTableViewCellEmployee.m */ = {isa = PBXFileReference; fileEncoding = 4; lastKnownFileType = sourcecode.c.objc; path = MMITTableViewCellEmployee.m; sourceTree = "<group>"; };
		CEAF38017A7B0FC56D0AAE5F /* MMITEmployeesViewController.m */ = {isa = PBXFileReference; fileEncoding = 4; lastKnownFileType = sourcecode.c.objc; path = MMITEmployeesViewController.m; sourceTree = "<group>"; };
		CEAF3893FAA8BA46D2CE2E9B /* empty.png */ = {isa = PBXFileReference; lastKnownFileType = image.png; path = empty.png; sourceTree = "<group>"; };
		CEAF3A683553FCFC4CDBF70E /* MMITTableViewCellEmployee.h */ = {isa = PBXFileReference; fileEncoding = 4; lastKnownFileType = sourcecode.c.h; path = MMITTableViewCellEmployee.h; sourceTree = "<group>"; };
		CEAF3D276161F53DA3E459E2 /* MMITEmployeesViewController.xib */ = {isa = PBXFileReference; lastKnownFileType = file.xib; path = MMITEmployeesViewController.xib; sourceTree = "<group>"; };
		CEAF3E37C2BB431A727107C5 /* MMITEmployeesViewController.h */ = {isa = PBXFileReference; fileEncoding = 4; lastKnownFileType = sourcecode.c.h; path = MMITEmployeesViewController.h; sourceTree = "<group>"; };
/* End PBXFileReference section */

/* Begin PBXFrameworksBuildPhase section */
		C2BCFDAD180C647500848CC2 /* Frameworks */ = {
			isa = PBXFrameworksBuildPhase;
			buildActionMask = 2147483647;
			files = (
				C2BCFDB6180C647500848CC2 /* CoreGraphics.framework in Frameworks */,
				C2BCFDB8180C647500848CC2 /* UIKit.framework in Frameworks */,
				C2BCFDB4180C647500848CC2 /* Foundation.framework in Frameworks */,
				1D6998A6143146FDAA10CCEB /* libPods.a in Frameworks */,
			);
			runOnlyForDeploymentPostprocessing = 0;
		};
		C2BCFDCE180C647600848CC2 /* Frameworks */ = {
			isa = PBXFrameworksBuildPhase;
			buildActionMask = 2147483647;
			files = (
				C2BCFDD3180C647600848CC2 /* XCTest.framework in Frameworks */,
				C2BCFDD5180C647600848CC2 /* UIKit.framework in Frameworks */,
				C2BCFDD4180C647600848CC2 /* Foundation.framework in Frameworks */,
			);
			runOnlyForDeploymentPostprocessing = 0;
		};
/* End PBXFrameworksBuildPhase section */

/* Begin PBXGroup section */
		C2BCFDA7180C647500848CC2 = {
			isa = PBXGroup;
			children = (
				C2BCFDB9180C647500848CC2 /* ios-tutorial */,
				C2BCFDD8180C647600848CC2 /* ios-tutorialTests */,
				C2BCFDB2180C647500848CC2 /* Frameworks */,
				C2BCFDB1180C647500848CC2 /* Products */,
				5B8F12A4C4CC4B55AE4BC45D /* Pods.xcconfig */,
			);
			sourceTree = "<group>";
		};
		C2BCFDB1180C647500848CC2 /* Products */ = {
			isa = PBXGroup;
			children = (
				C2BCFDB0180C647500848CC2 /* ios-tutorial.app */,
				C2BCFDD1180C647600848CC2 /* ios-tutorialTests.xctest */,
			);
			name = Products;
			sourceTree = "<group>";
		};
		C2BCFDB2180C647500848CC2 /* Frameworks */ = {
			isa = PBXGroup;
			children = (
				C2BCFDB3180C647500848CC2 /* Foundation.framework */,
				C2BCFDB5180C647500848CC2 /* CoreGraphics.framework */,
				C2BCFDB7180C647500848CC2 /* UIKit.framework */,
				C2BCFDD2180C647600848CC2 /* XCTest.framework */,
				7A8141FB159B4A7F869D5911 /* libPods.a */,
			);
			name = Frameworks;
			sourceTree = "<group>";
		};
		C2BCFDB9180C647500848CC2 /* ios-tutorial */ = {
			isa = PBXGroup;
			children = (
				C2BCFDC2180C647500848CC2 /* MMITAppDelegate.h */,
				C2BCFDC3180C647500848CC2 /* MMITAppDelegate.m */,
				C2BCFDC5180C647500848CC2 /* Main.storyboard */,
				C2BCFDC8180C647500848CC2 /* MMITViewController.h */,
				C2BCFDC9180C647500848CC2 /* MMITViewController.m */,
				C2BCFDCB180C647500848CC2 /* Images.xcassets */,
				C2BCFDBA180C647500848CC2 /* Supporting Files */,
				CEAF3E37C2BB431A727107C5 /* MMITEmployeesViewController.h */,
				CEAF38017A7B0FC56D0AAE5F /* MMITEmployeesViewController.m */,
				CEAF3D276161F53DA3E459E2 /* MMITEmployeesViewController.xib */,
				CEAF3A683553FCFC4CDBF70E /* MMITTableViewCellEmployee.h */,
				CEAF3027E249F2E102FA9DE7 /* MMITTableViewCellEmployee.m */,
				CEAF3893FAA8BA46D2CE2E9B /* empty.png */,
			);
			path = "ios-tutorial";
			sourceTree = "<group>";
		};
		C2BCFDBA180C647500848CC2 /* Supporting Files */ = {
			isa = PBXGroup;
			children = (
				C2BCFDBB180C647500848CC2 /* ios-tutorial-Info.plist */,
				C2BCFDBC180C647500848CC2 /* InfoPlist.strings */,
				C2BCFDBF180C647500848CC2 /* main.m */,
				C2BCFDC1180C647500848CC2 /* ios-tutorial-Prefix.pch */,
			);
			name = "Supporting Files";
			sourceTree = "<group>";
		};
		C2BCFDD8180C647600848CC2 /* ios-tutorialTests */ = {
			isa = PBXGroup;
			children = (
				C2BCFDDE180C647600848CC2 /* ios_tutorialTests.m */,
				C2BCFDD9180C647600848CC2 /* Supporting Files */,
			);
			path = "ios-tutorialTests";
			sourceTree = "<group>";
		};
		C2BCFDD9180C647600848CC2 /* Supporting Files */ = {
			isa = PBXGroup;
			children = (
				C2BCFDDA180C647600848CC2 /* ios-tutorialTests-Info.plist */,
				C2BCFDDB180C647600848CC2 /* InfoPlist.strings */,
			);
			name = "Supporting Files";
			sourceTree = "<group>";
		};
/* End PBXGroup section */

/* Begin PBXNativeTarget section */
		C2BCFDAF180C647500848CC2 /* ios-tutorial */ = {
			isa = PBXNativeTarget;
			buildConfigurationList = C2BCFDE2180C647600848CC2 /* Build configuration list for PBXNativeTarget "ios-tutorial" */;
			buildPhases = (
				8CBDD32BCA2F4386B8A78934 /* Check Pods Manifest.lock */,
				C2BCFDAC180C647500848CC2 /* Sources */,
				C2BCFDAD180C647500848CC2 /* Frameworks */,
				C2BCFDAE180C647500848CC2 /* Resources */,
				EFF844C03FCD4A3BBC3FB4B9 /* Copy Pods Resources */,
			);
			buildRules = (
			);
			dependencies = (
			);
			name = "ios-tutorial";
			productName = "ios-tutorial";
			productReference = C2BCFDB0180C647500848CC2 /* ios-tutorial.app */;
			productType = "com.apple.product-type.application";
		};
		C2BCFDD0180C647600848CC2 /* ios-tutorialTests */ = {
			isa = PBXNativeTarget;
			buildConfigurationList = C2BCFDE5180C647600848CC2 /* Build configuration list for PBXNativeTarget "ios-tutorialTests" */;
			buildPhases = (
				C2BCFDCD180C647600848CC2 /* Sources */,
				C2BCFDCE180C647600848CC2 /* Frameworks */,
				C2BCFDCF180C647600848CC2 /* Resources */,
			);
			buildRules = (
			);
			dependencies = (
				C2BCFDD7180C647600848CC2 /* PBXTargetDependency */,
			);
			name = "ios-tutorialTests";
			productName = "ios-tutorialTests";
			productReference = C2BCFDD1180C647600848CC2 /* ios-tutorialTests.xctest */;
			productType = "com.apple.product-type.bundle.unit-test";
		};
/* End PBXNativeTarget section */

/* Begin PBXProject section */
		C2BCFDA8180C647500848CC2 /* Project object */ = {
			isa = PBXProject;
			attributes = {
				CLASSPREFIX = MMIT;
				LastUpgradeCheck = 0500;
				ORGANIZATIONNAME = maciekmobi;
				TargetAttributes = {
					C2BCFDD0180C647600848CC2 = {
						TestTargetID = C2BCFDAF180C647500848CC2 /* ios-tutorial */;
					};
				};
			};
			buildConfigurationList = C2BCFDAB180C647500848CC2 /* Build configuration list for PBXProject "ios-tutorial" */;
			compatibilityVersion = "Xcode 3.2";
			developmentRegion = English;
			hasScannedForEncodings = 0;
			knownRegions = (
				en,
				Base,
			);
			mainGroup = C2BCFDA7180C647500848CC2;
			productRefGroup = C2BCFDB1180C647500848CC2 /* Products */;
			projectDirPath = "";
			projectReferences = (
			);
			projectRoot = "";
			targets = (
				C2BCFDAF180C647500848CC2 /* ios-tutorial */,
				C2BCFDD0180C647600848CC2 /* ios-tutorialTests */,
			);
		};
/* End PBXProject section */

/* Begin PBXResourcesBuildPhase section */
		C2BCFDAE180C647500848CC2 /* Resources */ = {
			isa = PBXResourcesBuildPhase;
			buildActionMask = 2147483647;
			files = (
				C2BCFDCC180C647500848CC2 /* Images.xcassets in Resources */,
				C2BCFDBE180C647500848CC2 /* InfoPlist.strings in Resources */,
				C2BCFDC7180C647500848CC2 /* Main.storyboard in Resources */,
				CEAF372BCA4327780F20A7F6 /* MMITEmployeesViewController.xib in Resources */,
				CEAF39520E8E31928A1D6E34 /* empty.png in Resources */,
			);
			runOnlyForDeploymentPostprocessing = 0;
		};
		C2BCFDCF180C647600848CC2 /* Resources */ = {
			isa = PBXResourcesBuildPhase;
			buildActionMask = 2147483647;
			files = (
				C2BCFDDD180C647600848CC2 /* InfoPlist.strings in Resources */,
			);
			runOnlyForDeploymentPostprocessing = 0;
		};
/* End PBXResourcesBuildPhase section */

/* Begin PBXShellScriptBuildPhase section */
		8CBDD32BCA2F4386B8A78934 /* Check Pods Manifest.lock */ = {
			isa = PBXShellScriptBuildPhase;
			buildActionMask = 2147483647;
			files = (
			);
			inputPaths = (
			);
			name = "Check Pods Manifest.lock";
			outputPaths = (
			);
			runOnlyForDeploymentPostprocessing = 0;
			shellPath = /bin/sh;
			shellScript = "diff \"${PODS_ROOT}/../Podfile.lock\" \"${PODS_ROOT}/Manifest.lock\" > /dev/null\nif [[ $? != 0 ]] ; then\n    cat << EOM\nerror: The sandbox is not in sync with the Podfile.lock. Run 'pod install' or update your CocoaPods installation.\nEOM\n    exit 1\nfi\n";
			showEnvVarsInLog = 0;
		};
		EFF844C03FCD4A3BBC3FB4B9 /* Copy Pods Resources */ = {
			isa = PBXShellScriptBuildPhase;
			buildActionMask = 2147483647;
			files = (
			);
			inputPaths = (
			);
			name = "Copy Pods Resources";
			outputPaths = (
			);
			runOnlyForDeploymentPostprocessing = 0;
			shellPath = /bin/sh;
			shellScript = "\"${SRCROOT}/Pods/Pods-resources.sh\"\n";
			showEnvVarsInLog = 0;
		};
/* End PBXShellScriptBuildPhase section */

/* Begin PBXSourcesBuildPhase section */
		C2BCFDAC180C647500848CC2 /* Sources */ = {
			isa = PBXSourcesBuildPhase;
			buildActionMask = 2147483647;
			files = (
				C2BCFDC0180C647500848CC2 /* main.m in Sources */,
				C2BCFDCA180C647500848CC2 /* MMITViewController.m in Sources */,
				C2BCFDC4180C647500848CC2 /* MMITAppDelegate.m in Sources */,
				CEAF34ADEA2CADE7436F69A8 /* MMITEmployeesViewController.m in Sources */,
				CEAF3FDD37E2A951E603DBA7 /* MMITTableViewCellEmployee.m in Sources */,
			);
			runOnlyForDeploymentPostprocessing = 0;
		};
		C2BCFDCD180C647600848CC2 /* Sources */ = {
			isa = PBXSourcesBuildPhase;
			buildActionMask = 2147483647;
			files = (
				C2BCFDDF180C647600848CC2 /* ios_tutorialTests.m in Sources */,
			);
			runOnlyForDeploymentPostprocessing = 0;
		};
/* End PBXSourcesBuildPhase section */

/* Begin PBXTargetDependency section */
		C2BCFDD7180C647600848CC2 /* PBXTargetDependency */ = {
			isa = PBXTargetDependency;
			target = C2BCFDAF180C647500848CC2 /* ios-tutorial */;
			targetProxy = C2BCFDD6180C647600848CC2 /* PBXContainerItemProxy */;
		};
/* End PBXTargetDependency section */

/* Begin PBXVariantGroup section */
		C2BCFDBC180C647500848CC2 /* InfoPlist.strings */ = {
			isa = PBXVariantGroup;
			children = (
				C2BCFDBD180C647500848CC2 /* en */,
			);
			name = InfoPlist.strings;
			sourceTree = "<group>";
		};
		C2BCFDC5180C647500848CC2 /* Main.storyboard */ = {
			isa = PBXVariantGroup;
			children = (
				C2BCFDC6180C647500848CC2 /* Base */,
			);
			name = Main.storyboard;
			sourceTree = "<group>";
		};
		C2BCFDDB180C647600848CC2 /* InfoPlist.strings */ = {
			isa = PBXVariantGroup;
			children = (
				C2BCFDDC180C647600848CC2 /* en */,
			);
			name = InfoPlist.strings;
			sourceTree = "<group>";
		};
/* End PBXVariantGroup section */

/* Begin XCBuildConfiguration section */
		C2BCFDE0180C647600848CC2 /* Debug */ = {
			isa = XCBuildConfiguration;
			buildSettings = {
				ALWAYS_SEARCH_USER_PATHS = NO;
				ARCHS = "$(ARCHS_STANDARD_INCLUDING_64_BIT)";
				CLANG_CXX_LANGUAGE_STANDARD = "gnu++0x";
				CLANG_CXX_LIBRARY = "libc++";
				CLANG_ENABLE_MODULES = YES;
				CLANG_ENABLE_OBJC_ARC = YES;
				CLANG_WARN_BOOL_CONVERSION = YES;
				CLANG_WARN_CONSTANT_CONVERSION = YES;
				CLANG_WARN_DIRECT_OBJC_ISA_USAGE = YES_ERROR;
				CLANG_WARN_EMPTY_BODY = YES;
				CLANG_WARN_ENUM_CONVERSION = YES;
				CLANG_WARN_INT_CONVERSION = YES;
				CLANG_WARN_OBJC_ROOT_CLASS = YES_ERROR;
				CLANG_WARN__DUPLICATE_METHOD_MATCH = YES;
				"CODE_SIGN_IDENTITY[sdk=iphoneos*]" = "iPhone Developer";
				COPY_PHASE_STRIP = NO;
				GCC_C_LANGUAGE_STANDARD = gnu99;
				GCC_DYNAMIC_NO_PIC = NO;
				GCC_OPTIMIZATION_LEVEL = 0;
				GCC_PREPROCESSOR_DEFINITIONS = (
					"DEBUG=1",
					"$(inherited)",
				);
				GCC_SYMBOLS_PRIVATE_EXTERN = NO;
				GCC_WARN_64_TO_32_BIT_CONVERSION = YES;
				GCC_WARN_ABOUT_RETURN_TYPE = YES_ERROR;
				GCC_WARN_UNDECLARED_SELECTOR = YES;
				GCC_WARN_UNINITIALIZED_AUTOS = YES;
				GCC_WARN_UNUSED_FUNCTION = YES;
				GCC_WARN_UNUSED_VARIABLE = YES;
				IPHONEOS_DEPLOYMENT_TARGET = 7.0;
				ONLY_ACTIVE_ARCH = YES;
				SDKROOT = iphoneos;
			};
			name = Debug;
		};
		C2BCFDE1180C647600848CC2 /* Release */ = {
			isa = XCBuildConfiguration;
			buildSettings = {
				ALWAYS_SEARCH_USER_PATHS = NO;
				ARCHS = "$(ARCHS_STANDARD_INCLUDING_64_BIT)";
				CLANG_CXX_LANGUAGE_STANDARD = "gnu++0x";
				CLANG_CXX_LIBRARY = "libc++";
				CLANG_ENABLE_MODULES = YES;
				CLANG_ENABLE_OBJC_ARC = YES;
				CLANG_WARN_BOOL_CONVERSION = YES;
				CLANG_WARN_CONSTANT_CONVERSION = YES;
				CLANG_WARN_DIRECT_OBJC_ISA_USAGE = YES_ERROR;
				CLANG_WARN_EMPTY_BODY = YES;
				CLANG_WARN_ENUM_CONVERSION = YES;
				CLANG_WARN_INT_CONVERSION = YES;
				CLANG_WARN_OBJC_ROOT_CLASS = YES_ERROR;
				CLANG_WARN__DUPLICATE_METHOD_MATCH = YES;
				"CODE_SIGN_IDENTITY[sdk=iphoneos*]" = "iPhone Developer";
				COPY_PHASE_STRIP = YES;
				ENABLE_NS_ASSERTIONS = NO;
				GCC_C_LANGUAGE_STANDARD = gnu99;
				GCC_WARN_64_TO_32_BIT_CONVERSION = YES;
				GCC_WARN_ABOUT_RETURN_TYPE = YES_ERROR;
				GCC_WARN_UNDECLARED_SELECTOR = YES;
				GCC_WARN_UNINITIALIZED_AUTOS = YES;
				GCC_WARN_UNUSED_FUNCTION = YES;
				GCC_WARN_UNUSED_VARIABLE = YES;
				IPHONEOS_DEPLOYMENT_TARGET = 7.0;
				SDKROOT = iphoneos;
				VALIDATE_PRODUCT = YES;
			};
			name = Release;
		};
		C2BCFDE3180C647600848CC2 /* Debug */ = {
			isa = XCBuildConfiguration;
			baseConfigurationReference = 5B8F12A4C4CC4B55AE4BC45D /* Pods.xcconfig */;
			buildSettings = {
				ASSETCATALOG_COMPILER_APPICON_NAME = AppIcon;
				ASSETCATALOG_COMPILER_LAUNCHIMAGE_NAME = LaunchImage;
				CODE_SIGN_IDENTITY = "iPhone Developer";
				GCC_PRECOMPILE_PREFIX_HEADER = YES;
				GCC_PREFIX_HEADER = "ios-tutorial/ios-tutorial-Prefix.pch";
				INFOPLIST_FILE = "ios-tutorial/ios-tutorial-Info.plist";
				IPHONEOS_DEPLOYMENT_TARGET = 6.0;
				PRODUCT_NAME = "$(TARGET_NAME)";
				VALID_ARCHS = "armv7 armv7s";
				WRAPPER_EXTENSION = app;
			};
			name = Debug;
		};
		C2BCFDE4180C647600848CC2 /* Release */ = {
			isa = XCBuildConfiguration;
			baseConfigurationReference = 5B8F12A4C4CC4B55AE4BC45D /* Pods.xcconfig */;
			buildSettings = {
				ASSETCATALOG_COMPILER_APPICON_NAME = AppIcon;
				ASSETCATALOG_COMPILER_LAUNCHIMAGE_NAME = LaunchImage;
				CODE_SIGN_IDENTITY = "iPhone Developer";
				GCC_PRECOMPILE_PREFIX_HEADER = YES;
				GCC_PREFIX_HEADER = "ios-tutorial/ios-tutorial-Prefix.pch";
				INFOPLIST_FILE = "ios-tutorial/ios-tutorial-Info.plist";
				IPHONEOS_DEPLOYMENT_TARGET = 6.0;
				PRODUCT_NAME = "$(TARGET_NAME)";
				VALID_ARCHS = "armv7 armv7s";
				WRAPPER_EXTENSION = app;
			};
			name = Release;
		};
		C2BCFDE6180C647600848CC2 /* Debug */ = {
			isa = XCBuildConfiguration;
			buildSettings = {
				ARCHS = "$(ARCHS_STANDARD_INCLUDING_64_BIT)";
				BUNDLE_LOADER = "$(BUILT_PRODUCTS_DIR)/ios-tutorial.app/ios-tutorial";
				FRAMEWORK_SEARCH_PATHS = (
					"$(SDKROOT)/Developer/Library/Frameworks",
					"$(inherited)",
					"$(DEVELOPER_FRAMEWORKS_DIR)",
				);
				GCC_PRECOMPILE_PREFIX_HEADER = YES;
				GCC_PREFIX_HEADER = "ios-tutorial/ios-tutorial-Prefix.pch";
				GCC_PREPROCESSOR_DEFINITIONS = (
					"DEBUG=1",
					"$(inherited)",
				);
				INFOPLIST_FILE = "ios-tutorialTests/ios-tutorialTests-Info.plist";
				PRODUCT_NAME = "$(TARGET_NAME)";
				TEST_HOST = "$(BUNDLE_LOADER)";
				WRAPPER_EXTENSION = xctest;
			};
			name = Debug;
		};
		C2BCFDE7180C647600848CC2 /* Release */ = {
			isa = XCBuildConfiguration;
			buildSettings = {
				ARCHS = "$(ARCHS_STANDARD_INCLUDING_64_BIT)";
				BUNDLE_LOADER = "$(BUILT_PRODUCTS_DIR)/ios-tutorial.app/ios-tutorial";
				FRAMEWORK_SEARCH_PATHS = (
					"$(SDKROOT)/Developer/Library/Frameworks",
					"$(inherited)",
					"$(DEVELOPER_FRAMEWORKS_DIR)",
				);
				GCC_PRECOMPILE_PREFIX_HEADER = YES;
				GCC_PREFIX_HEADER = "ios-tutorial/ios-tutorial-Prefix.pch";
				INFOPLIST_FILE = "ios-tutorialTests/ios-tutorialTests-Info.plist";
				PRODUCT_NAME = "$(TARGET_NAME)";
				TEST_HOST = "$(BUNDLE_LOADER)";
				WRAPPER_EXTENSION = xctest;
			};
			name = Release;
		};
/* End XCBuildConfiguration section */

/* Begin XCConfigurationList section */
		C2BCFDAB180C647500848CC2 /* Build configuration list for PBXProject "ios-tutorial" */ = {
			isa = XCConfigurationList;
			buildConfigurations = (
				C2BCFDE0180C647600848CC2 /* Debug */,
				C2BCFDE1180C647600848CC2 /* Release */,
			);
			defaultConfigurationIsVisible = 0;
			defaultConfigurationName = Release;
		};
		C2BCFDE2180C647600848CC2 /* Build configuration list for PBXNativeTarget "ios-tutorial" */ = {
			isa = XCConfigurationList;
			buildConfigurations = (
				C2BCFDE3180C647600848CC2 /* Debug */,
				C2BCFDE4180C647600848CC2 /* Release */,
			);
			defaultConfigurationIsVisible = 0;
		};
		C2BCFDE5180C647600848CC2 /* Build configuration list for PBXNativeTarget "ios-tutorialTests" */ = {
			isa = XCConfigurationList;
			buildConfigurations = (
				C2BCFDE6180C647600848CC2 /* Debug */,
				C2BCFDE7180C647600848CC2 /* Release */,
			);
			defaultConfigurationIsVisible = 0;
		};
/* End XCConfigurationList section */
	};
	rootObject = C2BCFDA8180C647500848CC2 /* Project object */;
}
